
Microsoft Visual Studio Solution File, Format Version 12.00
# Visual Studio Version 17
VisualStudioVersion = 17.7.34221.43
MinimumVisualStudioVersion = 10.0.40219.1
Project("{FAE04EC0-301F-11D3-BF4B-00C04F79EFBC}") = "WebApplication_CalendarSchedule", "WebApplication_CalendarSchedule\WebApplication_CalendarSchedule.csproj", "{37B738B1-BED6-4503-9FDA-134FF1BC0499}"
EndProject
Global
	GlobalSection(SolutionConfigurationPlatforms) = preSolution
		Debug|Any CPU = Debug|Any CPU
		Release|Any CPU = Release|Any CPU
	EndGlobalSection
	GlobalSection(ProjectConfigurationPlatforms) = postSolution
		{37B738B1-BED6-4503-9FDA-134FF1BC0499}.Debug|Any CPU.ActiveCfg = Debug|Any CPU
		{37B738B1-BED6-4503-9FDA-134FF1BC0499}.Debug|Any CPU.Build.0 = Debug|Any CPU
		{37B738B1-BED6-4503-9FDA-134FF1BC0499}.Release|Any CPU.ActiveCfg = Release|Any CPU
		{37B738B1-BED6-4503-9FDA-134FF1BC0499}.Release|Any CPU.Build.0 = Release|Any CPU
	EndGlobalSection
	GlobalSection(SolutionProperties) = preSolution
		HideSolutionNode = FALSE
	EndGlobalSection
	GlobalSection(ExtensibilityGlobals) = postSolution
		SolutionGuid = {97074510-E5FC-4290-B027-085B21336D49}
	EndGlobalSection
EndGlobal
